
Microsoft Visual Studio Solution File, Format Version 12.00
# Visual Studio Version 17
VisualStudioVersion = 17.1.32319.34
MinimumVisualStudioVersion = 10.0.40219.1
Project("{9A19103F-16F7-4668-BE54-9A1E7A4F7556}") = "DSoft.MvvmCross.System.BluetoothLe", "DSoft.MvvmCross.System.BluetoothLe\DSoft.MvvmCross.System.BluetoothLe.csproj", "{A5A90DCF-4D0B-49CB-A23B-F24158EDFE34}"
EndProject
Project("{9A19103F-16F7-4668-BE54-9A1E7A4F7556}") = "DSoft.System.BluetoothLeOld", "DSoft.System.BluetoothLeOld\DSoft.System.BluetoothLeOld.csproj", "{18DAFF03-4311-4D13-A1D0-70955B1F7C0F}"
EndProject
Project("{9A19103F-16F7-4668-BE54-9A1E7A4F7556}") = "DSoft.System.BluetoothLe", "DSoft.System.BluetoothLe\DSoft.System.BluetoothLe.csproj", "{829ABE76-0E15-41FB-AC03-898B886DE495}"
EndProject
Project("{2150E333-8FDC-42A3-9474-1A3956D46DE8}") = "Samples", "Samples", "{10752E11-129F-41D9-911B-892CAE0322E8}"
EndProject
Project("{9A19103F-16F7-4668-BE54-9A1E7A4F7556}") = "WpfSample", "Samples\WpfSample\WpfSample.csproj", "{55F1526C-5B79-4A30-B073-7A98AA320C0D}"
EndProject
Global
	GlobalSection(SolutionConfigurationPlatforms) = preSolution
		Ad-Hoc|Any CPU = Ad-Hoc|Any CPU
		Ad-Hoc|ARM = Ad-Hoc|ARM
		Ad-Hoc|ARM64 = Ad-Hoc|ARM64
		Ad-Hoc|iPhone = Ad-Hoc|iPhone
		Ad-Hoc|iPhoneSimulator = Ad-Hoc|iPhoneSimulator
		Ad-Hoc|x64 = Ad-Hoc|x64
		Ad-Hoc|x86 = Ad-Hoc|x86
		AppStore|Any CPU = AppStore|Any CPU
		AppStore|ARM = AppStore|ARM
		AppStore|ARM64 = AppStore|ARM64
		AppStore|iPhone = AppStore|iPhone
		AppStore|iPhoneSimulator = AppStore|iPhoneSimulator
		AppStore|x64 = AppStore|x64
		AppStore|x86 = AppStore|x86
		Debug|Any CPU = Debug|Any CPU
		Debug|ARM = Debug|ARM
		Debug|ARM64 = Debug|ARM64
		Debug|iPhone = Debug|iPhone
		Debug|iPhoneSimulator = Debug|iPhoneSimulator
		Debug|x64 = Debug|x64
		Debug|x86 = Debug|x86
		Release|Any CPU = Release|Any CPU
		Release|ARM = Release|ARM
		Release|ARM64 = Release|ARM64
		Release|iPhone = Release|iPhone
		Release|iPhoneSimulator = Release|iPhoneSimulator
		Release|x64 = Release|x64
		Release|x86 = Release|x86
	EndGlobalSection
	GlobalSection(ProjectConfigurationPlatforms) = postSolution
		{A5A90DCF-4D0B-49CB-A23B-F24158EDFE34}.Ad-Hoc|Any CPU.ActiveCfg = Debug|Any CPU
		{A5A90DCF-4D0B-49CB-A23B-F24158EDFE34}.Ad-Hoc|Any CPU.Build.0 = Debug|Any CPU
		{A5A90DCF-4D0B-49CB-A23B-F24158EDFE34}.Ad-Hoc|ARM.ActiveCfg = Debug|Any CPU
		{A5A90DCF-4D0B-49CB-A23B-F24158EDFE34}.Ad-Hoc|ARM.Build.0 = Debug|Any CPU
		{A5A90DCF-4D0B-49CB-A23B-F24158EDFE34}.Ad-Hoc|ARM64.ActiveCfg = Debug|Any CPU
		{A5A90DCF-4D0B-49CB-A23B-F24158EDFE34}.Ad-Hoc|ARM64.Build.0 = Debug|Any CPU
		{A5A90DCF-4D0B-49CB-A23B-F24158EDFE34}.Ad-Hoc|iPhone.ActiveCfg = Debug|Any CPU
		{A5A90DCF-4D0B-49CB-A23B-F24158EDFE34}.Ad-Hoc|iPhone.Build.0 = Debug|Any CPU
		{A5A90DCF-4D0B-49CB-A23B-F24158EDFE34}.Ad-Hoc|iPhoneSimulator.ActiveCfg = Debug|Any CPU
		{A5A90DCF-4D0B-49CB-A23B-F24158EDFE34}.Ad-Hoc|iPhoneSimulator.Build.0 = Debug|Any CPU
		{A5A90DCF-4D0B-49CB-A23B-F24158EDFE34}.Ad-Hoc|x64.ActiveCfg = Debug|Any CPU
		{A5A90DCF-4D0B-49CB-A23B-F24158EDFE34}.Ad-Hoc|x64.Build.0 = Debug|Any CPU
		{A5A90DCF-4D0B-49CB-A23B-F24158EDFE34}.Ad-Hoc|x86.ActiveCfg = Debug|Any CPU
		{A5A90DCF-4D0B-49CB-A23B-F24158EDFE34}.Ad-Hoc|x86.Build.0 = Debug|Any CPU
		{A5A90DCF-4D0B-49CB-A23B-F24158EDFE34}.AppStore|Any CPU.ActiveCfg = Debug|Any CPU
		{A5A90DCF-4D0B-49CB-A23B-F24158EDFE34}.AppStore|Any CPU.Build.0 = Debug|Any CPU
		{A5A90DCF-4D0B-49CB-A23B-F24158EDFE34}.AppStore|ARM.ActiveCfg = Debug|Any CPU
		{A5A90DCF-4D0B-49CB-A23B-F24158EDFE34}.AppStore|ARM.Build.0 = Debug|Any CPU
		{A5A90DCF-4D0B-49CB-A23B-F24158EDFE34}.AppStore|ARM64.ActiveCfg = Debug|Any CPU
		{A5A90DCF-4D0B-49CB-A23B-F24158EDFE34}.AppStore|ARM64.Build.0 = Debug|Any CPU
		{A5A90DCF-4D0B-49CB-A23B-F24158EDFE34}.AppStore|iPhone.ActiveCfg = Debug|Any CPU
		{A5A90DCF-4D0B-49CB-A23B-F24158EDFE34}.AppStore|iPhone.Build.0 = Debug|Any CPU
		{A5A90DCF-4D0B-49CB-A23B-F24158EDFE34}.AppStore|iPhoneSimulator.ActiveCfg = Debug|Any CPU
		{A5A90DCF-4D0B-49CB-A23B-F24158EDFE34}.AppStore|iPhoneSimulator.Build.0 = Debug|Any CPU
		{A5A90DCF-4D0B-49CB-A23B-F24158EDFE34}.AppStore|x64.ActiveCfg = Debug|Any CPU
		{A5A90DCF-4D0B-49CB-A23B-F24158EDFE34}.AppStore|x64.Build.0 = Debug|Any CPU
		{A5A90DCF-4D0B-49CB-A23B-F24158EDFE34}.AppStore|x86.ActiveCfg = Debug|Any CPU
		{A5A90DCF-4D0B-49CB-A23B-F24158EDFE34}.AppStore|x86.Build.0 = Debug|Any CPU
		{A5A90DCF-4D0B-49CB-A23B-F24158EDFE34}.Debug|Any CPU.ActiveCfg = Debug|Any CPU
		{A5A90DCF-4D0B-49CB-A23B-F24158EDFE34}.Debug|Any CPU.Build.0 = Debug|Any CPU
		{A5A90DCF-4D0B-49CB-A23B-F24158EDFE34}.Debug|ARM.ActiveCfg = Debug|Any CPU
		{A5A90DCF-4D0B-49CB-A23B-F24158EDFE34}.Debug|ARM.Build.0 = Debug|Any CPU
		{A5A90DCF-4D0B-49CB-A23B-F24158EDFE34}.Debug|ARM64.ActiveCfg = Debug|Any CPU
		{A5A90DCF-4D0B-49CB-A23B-F24158EDFE34}.Debug|ARM64.Build.0 = Debug|Any CPU
		{A5A90DCF-4D0B-49CB-A23B-F24158EDFE34}.Debug|iPhone.ActiveCfg = Debug|Any CPU
		{A5A90DCF-4D0B-49CB-A23B-F24158EDFE34}.Debug|iPhone.Build.0 = Debug|Any CPU
		{A5A90DCF-4D0B-49CB-A23B-F24158EDFE34}.Debug|iPhoneSimulator.ActiveCfg = Debug|Any CPU
		{A5A90DCF-4D0B-49CB-A23B-F24158EDFE34}.Debug|iPhoneSimulator.Build.0 = Debug|Any CPU
		{A5A90DCF-4D0B-49CB-A23B-F24158EDFE34}.Debug|x64.ActiveCfg = Debug|Any CPU
		{A5A90DCF-4D0B-49CB-A23B-F24158EDFE34}.Debug|x64.Build.0 = Debug|Any CPU
		{A5A90DCF-4D0B-49CB-A23B-F24158EDFE34}.Debug|x86.ActiveCfg = Debug|Any CPU
		{A5A90DCF-4D0B-49CB-A23B-F24158EDFE34}.Debug|x86.Build.0 = Debug|Any CPU
		{A5A90DCF-4D0B-49CB-A23B-F24158EDFE34}.Release|Any CPU.ActiveCfg = Release|Any CPU
		{A5A90DCF-4D0B-49CB-A23B-F24158EDFE34}.Release|Any CPU.Build.0 = Release|Any CPU
		{A5A90DCF-4D0B-49CB-A23B-F24158EDFE34}.Release|ARM.ActiveCfg = Release|Any CPU
		{A5A90DCF-4D0B-49CB-A23B-F24158EDFE34}.Release|ARM.Build.0 = Release|Any CPU
		{A5A90DCF-4D0B-49CB-A23B-F24158EDFE34}.Release|ARM64.ActiveCfg = Release|Any CPU
		{A5A90DCF-4D0B-49CB-A23B-F24158EDFE34}.Release|ARM64.Build.0 = Release|Any CPU
		{A5A90DCF-4D0B-49CB-A23B-F24158EDFE34}.Release|iPhone.ActiveCfg = Release|Any CPU
		{A5A90DCF-4D0B-49CB-A23B-F24158EDFE34}.Release|iPhone.Build.0 = Release|Any CPU
		{A5A90DCF-4D0B-49CB-A23B-F24158EDFE34}.Release|iPhoneSimulator.ActiveCfg = Release|Any CPU
		{A5A90DCF-4D0B-49CB-A23B-F24158EDFE34}.Release|iPhoneSimulator.Build.0 = Release|Any CPU
		{A5A90DCF-4D0B-49CB-A23B-F24158EDFE34}.Release|x64.ActiveCfg = Release|Any CPU
		{A5A90DCF-4D0B-49CB-A23B-F24158EDFE34}.Release|x64.Build.0 = Release|Any CPU
		{A5A90DCF-4D0B-49CB-A23B-F24158EDFE34}.Release|x86.ActiveCfg = Release|Any CPU
		{A5A90DCF-4D0B-49CB-A23B-F24158EDFE34}.Release|x86.Build.0 = Release|Any CPU
		{18DAFF03-4311-4D13-A1D0-70955B1F7C0F}.Ad-Hoc|Any CPU.ActiveCfg = Debug|Any CPU
		{18DAFF03-4311-4D13-A1D0-70955B1F7C0F}.Ad-Hoc|Any CPU.Build.0 = Debug|Any CPU
		{18DAFF03-4311-4D13-A1D0-70955B1F7C0F}.Ad-Hoc|ARM.ActiveCfg = Debug|Any CPU
		{18DAFF03-4311-4D13-A1D0-70955B1F7C0F}.Ad-Hoc|ARM.Build.0 = Debug|Any CPU
		{18DAFF03-4311-4D13-A1D0-70955B1F7C0F}.Ad-Hoc|ARM64.ActiveCfg = Debug|Any CPU
		{18DAFF03-4311-4D13-A1D0-70955B1F7C0F}.Ad-Hoc|ARM64.Build.0 = Debug|Any CPU
		{18DAFF03-4311-4D13-A1D0-70955B1F7C0F}.Ad-Hoc|iPhone.ActiveCfg = Debug|Any CPU
		{18DAFF03-4311-4D13-A1D0-70955B1F7C0F}.Ad-Hoc|iPhone.Build.0 = Debug|Any CPU
		{18DAFF03-4311-4D13-A1D0-70955B1F7C0F}.Ad-Hoc|iPhoneSimulator.ActiveCfg = Debug|Any CPU
		{18DAFF03-4311-4D13-A1D0-70955B1F7C0F}.Ad-Hoc|iPhoneSimulator.Build.0 = Debug|Any CPU
		{18DAFF03-4311-4D13-A1D0-70955B1F7C0F}.Ad-Hoc|x64.ActiveCfg = Debug|Any CPU
		{18DAFF03-4311-4D13-A1D0-70955B1F7C0F}.Ad-Hoc|x64.Build.0 = Debug|Any CPU
		{18DAFF03-4311-4D13-A1D0-70955B1F7C0F}.Ad-Hoc|x86.ActiveCfg = Debug|Any CPU
		{18DAFF03-4311-4D13-A1D0-70955B1F7C0F}.Ad-Hoc|x86.Build.0 = Debug|Any CPU
		{18DAFF03-4311-4D13-A1D0-70955B1F7C0F}.AppStore|Any CPU.ActiveCfg = Debug|Any CPU
		{18DAFF03-4311-4D13-A1D0-70955B1F7C0F}.AppStore|Any CPU.Build.0 = Debug|Any CPU
		{18DAFF03-4311-4D13-A1D0-70955B1F7C0F}.AppStore|ARM.ActiveCfg = Debug|Any CPU
		{18DAFF03-4311-4D13-A1D0-70955B1F7C0F}.AppStore|ARM.Build.0 = Debug|Any CPU
		{18DAFF03-4311-4D13-A1D0-70955B1F7C0F}.AppStore|ARM64.ActiveCfg = Debug|Any CPU
		{18DAFF03-4311-4D13-A1D0-70955B1F7C0F}.AppStore|ARM64.Build.0 = Debug|Any CPU
		{18DAFF03-4311-4D13-A1D0-70955B1F7C0F}.AppStore|iPhone.ActiveCfg = Debug|Any CPU
		{18DAFF03-4311-4D13-A1D0-70955B1F7C0F}.AppStore|iPhone.Build.0 = Debug|Any CPU
		{18DAFF03-4311-4D13-A1D0-70955B1F7C0F}.AppStore|iPhoneSimulator.ActiveCfg = Debug|Any CPU
		{18DAFF03-4311-4D13-A1D0-70955B1F7C0F}.AppStore|iPhoneSimulator.Build.0 = Debug|Any CPU
		{18DAFF03-4311-4D13-A1D0-70955B1F7C0F}.AppStore|x64.ActiveCfg = Debug|Any CPU
		{18DAFF03-4311-4D13-A1D0-70955B1F7C0F}.AppStore|x64.Build.0 = Debug|Any CPU
		{18DAFF03-4311-4D13-A1D0-70955B1F7C0F}.AppStore|x86.ActiveCfg = Debug|Any CPU
		{18DAFF03-4311-4D13-A1D0-70955B1F7C0F}.AppStore|x86.Build.0 = Debug|Any CPU
		{18DAFF03-4311-4D13-A1D0-70955B1F7C0F}.Debug|Any CPU.ActiveCfg = Debug|Any CPU
		{18DAFF03-4311-4D13-A1D0-70955B1F7C0F}.Debug|Any CPU.Build.0 = Debug|Any CPU
		{18DAFF03-4311-4D13-A1D0-70955B1F7C0F}.Debug|ARM.ActiveCfg = Debug|Any CPU
		{18DAFF03-4311-4D13-A1D0-70955B1F7C0F}.Debug|ARM.Build.0 = Debug|Any CPU
		{18DAFF03-4311-4D13-A1D0-70955B1F7C0F}.Debug|ARM64.ActiveCfg = Debug|Any CPU
		{18DAFF03-4311-4D13-A1D0-70955B1F7C0F}.Debug|ARM64.Build.0 = Debug|Any CPU
		{18DAFF03-4311-4D13-A1D0-70955B1F7C0F}.Debug|iPhone.ActiveCfg = Debug|Any CPU
		{18DAFF03-4311-4D13-A1D0-70955B1F7C0F}.Debug|iPhone.Build.0 = Debug|Any CPU
		{18DAFF03-4311-4D13-A1D0-70955B1F7C0F}.Debug|iPhoneSimulator.ActiveCfg = Debug|Any CPU
		{18DAFF03-4311-4D13-A1D0-70955B1F7C0F}.Debug|iPhoneSimulator.Build.0 = Debug|Any CPU
		{18DAFF03-4311-4D13-A1D0-70955B1F7C0F}.Debug|x64.ActiveCfg = Debug|Any CPU
		{18DAFF03-4311-4D13-A1D0-70955B1F7C0F}.Debug|x64.Build.0 = Debug|Any CPU
		{18DAFF03-4311-4D13-A1D0-70955B1F7C0F}.Debug|x86.ActiveCfg = Debug|Any CPU
		{18DAFF03-4311-4D13-A1D0-70955B1F7C0F}.Debug|x86.Build.0 = Debug|Any CPU
		{18DAFF03-4311-4D13-A1D0-70955B1F7C0F}.Release|Any CPU.ActiveCfg = Release|Any CPU
		{18DAFF03-4311-4D13-A1D0-70955B1F7C0F}.Release|Any CPU.Build.0 = Release|Any CPU
		{18DAFF03-4311-4D13-A1D0-70955B1F7C0F}.Release|ARM.ActiveCfg = Release|Any CPU
		{18DAFF03-4311-4D13-A1D0-70955B1F7C0F}.Release|ARM.Build.0 = Release|Any CPU
		{18DAFF03-4311-4D13-A1D0-70955B1F7C0F}.Release|ARM64.ActiveCfg = Release|Any CPU
		{18DAFF03-4311-4D13-A1D0-70955B1F7C0F}.Release|ARM64.Build.0 = Release|Any CPU
		{18DAFF03-4311-4D13-A1D0-70955B1F7C0F}.Release|iPhone.ActiveCfg = Release|Any CPU
		{18DAFF03-4311-4D13-A1D0-70955B1F7C0F}.Release|iPhone.Build.0 = Release|Any CPU
		{18DAFF03-4311-4D13-A1D0-70955B1F7C0F}.Release|iPhoneSimulator.ActiveCfg = Release|Any CPU
		{18DAFF03-4311-4D13-A1D0-70955B1F7C0F}.Release|iPhoneSimulator.Build.0 = Release|Any CPU
		{18DAFF03-4311-4D13-A1D0-70955B1F7C0F}.Release|x64.ActiveCfg = Release|Any CPU
		{18DAFF03-4311-4D13-A1D0-70955B1F7C0F}.Release|x64.Build.0 = Release|Any CPU
		{18DAFF03-4311-4D13-A1D0-70955B1F7C0F}.Release|x86.ActiveCfg = Release|Any CPU
		{18DAFF03-4311-4D13-A1D0-70955B1F7C0F}.Release|x86.Build.0 = Release|Any CPU
		{829ABE76-0E15-41FB-AC03-898B886DE495}.Ad-Hoc|Any CPU.ActiveCfg = Debug|Any CPU
		{829ABE76-0E15-41FB-AC03-898B886DE495}.Ad-Hoc|Any CPU.Build.0 = Debug|Any CPU
		{829ABE76-0E15-41FB-AC03-898B886DE495}.Ad-Hoc|ARM.ActiveCfg = Debug|Any CPU
		{829ABE76-0E15-41FB-AC03-898B886DE495}.Ad-Hoc|ARM.Build.0 = Debug|Any CPU
		{829ABE76-0E15-41FB-AC03-898B886DE495}.Ad-Hoc|ARM64.ActiveCfg = Debug|Any CPU
		{829ABE76-0E15-41FB-AC03-898B886DE495}.Ad-Hoc|ARM64.Build.0 = Debug|Any CPU
		{829ABE76-0E15-41FB-AC03-898B886DE495}.Ad-Hoc|iPhone.ActiveCfg = Debug|Any CPU
		{829ABE76-0E15-41FB-AC03-898B886DE495}.Ad-Hoc|iPhone.Build.0 = Debug|Any CPU
		{829ABE76-0E15-41FB-AC03-898B886DE495}.Ad-Hoc|iPhoneSimulator.ActiveCfg = Debug|Any CPU
		{829ABE76-0E15-41FB-AC03-898B886DE495}.Ad-Hoc|iPhoneSimulator.Build.0 = Debug|Any CPU
		{829ABE76-0E15-41FB-AC03-898B886DE495}.Ad-Hoc|x64.ActiveCfg = Debug|Any CPU
		{829ABE76-0E15-41FB-AC03-898B886DE495}.Ad-Hoc|x64.Build.0 = Debug|Any CPU
		{829ABE76-0E15-41FB-AC03-898B886DE495}.Ad-Hoc|x86.ActiveCfg = Debug|Any CPU
		{829ABE76-0E15-41FB-AC03-898B886DE495}.Ad-Hoc|x86.Build.0 = Debug|Any CPU
		{829ABE76-0E15-41FB-AC03-898B886DE495}.AppStore|Any CPU.ActiveCfg = Debug|Any CPU
		{829ABE76-0E15-41FB-AC03-898B886DE495}.AppStore|Any CPU.Build.0 = Debug|Any CPU
		{829ABE76-0E15-41FB-AC03-898B886DE495}.AppStore|ARM.ActiveCfg = Debug|Any CPU
		{829ABE76-0E15-41FB-AC03-898B886DE495}.AppStore|ARM.Build.0 = Debug|Any CPU
		{829ABE76-0E15-41FB-AC03-898B886DE495}.AppStore|ARM64.ActiveCfg = Debug|Any CPU
		{829ABE76-0E15-41FB-AC03-898B886DE495}.AppStore|ARM64.Build.0 = Debug|Any CPU
		{829ABE76-0E15-41FB-AC03-898B886DE495}.AppStore|iPhone.ActiveCfg = Debug|Any CPU
		{829ABE76-0E15-41FB-AC03-898B886DE495}.AppStore|iPhone.Build.0 = Debug|Any CPU
		{829ABE76-0E15-41FB-AC03-898B886DE495}.AppStore|iPhoneSimulator.ActiveCfg = Debug|Any CPU
		{829ABE76-0E15-41FB-AC03-898B886DE495}.AppStore|iPhoneSimulator.Build.0 = Debug|Any CPU
		{829ABE76-0E15-41FB-AC03-898B886DE495}.AppStore|x64.ActiveCfg = Debug|Any CPU
		{829ABE76-0E15-41FB-AC03-898B886DE495}.AppStore|x64.Build.0 = Debug|Any CPU
		{829ABE76-0E15-41FB-AC03-898B886DE495}.AppStore|x86.ActiveCfg = Debug|Any CPU
		{829ABE76-0E15-41FB-AC03-898B886DE495}.AppStore|x86.Build.0 = Debug|Any CPU
		{829ABE76-0E15-41FB-AC03-898B886DE495}.Debug|Any CPU.ActiveCfg = Debug|Any CPU
		{829ABE76-0E15-41FB-AC03-898B886DE495}.Debug|Any CPU.Build.0 = Debug|Any CPU
		{829ABE76-0E15-41FB-AC03-898B886DE495}.Debug|ARM.ActiveCfg = Debug|Any CPU
		{829ABE76-0E15-41FB-AC03-898B886DE495}.Debug|ARM.Build.0 = Debug|Any CPU
		{829ABE76-0E15-41FB-AC03-898B886DE495}.Debug|ARM64.ActiveCfg = Debug|Any CPU
		{829ABE76-0E15-41FB-AC03-898B886DE495}.Debug|ARM64.Build.0 = Debug|Any CPU
		{829ABE76-0E15-41FB-AC03-898B886DE495}.Debug|iPhone.ActiveCfg = Debug|Any CPU
		{829ABE76-0E15-41FB-AC03-898B886DE495}.Debug|iPhone.Build.0 = Debug|Any CPU
		{829ABE76-0E15-41FB-AC03-898B886DE495}.Debug|iPhoneSimulator.ActiveCfg = Debug|Any CPU
		{829ABE76-0E15-41FB-AC03-898B886DE495}.Debug|iPhoneSimulator.Build.0 = Debug|Any CPU
		{829ABE76-0E15-41FB-AC03-898B886DE495}.Debug|x64.ActiveCfg = Debug|Any CPU
		{829ABE76-0E15-41FB-AC03-898B886DE495}.Debug|x64.Build.0 = Debug|Any CPU
		{829ABE76-0E15-41FB-AC03-898B886DE495}.Debug|x86.ActiveCfg = Debug|Any CPU
		{829ABE76-0E15-41FB-AC03-898B886DE495}.Debug|x86.Build.0 = Debug|Any CPU
		{829ABE76-0E15-41FB-AC03-898B886DE495}.Release|Any CPU.ActiveCfg = Release|Any CPU
		{829ABE76-0E15-41FB-AC03-898B886DE495}.Release|Any CPU.Build.0 = Release|Any CPU
		{829ABE76-0E15-41FB-AC03-898B886DE495}.Release|ARM.ActiveCfg = Release|Any CPU
		{829ABE76-0E15-41FB-AC03-898B886DE495}.Release|ARM.Build.0 = Release|Any CPU
		{829ABE76-0E15-41FB-AC03-898B886DE495}.Release|ARM64.ActiveCfg = Release|Any CPU
		{829ABE76-0E15-41FB-AC03-898B886DE495}.Release|ARM64.Build.0 = Release|Any CPU
		{829ABE76-0E15-41FB-AC03-898B886DE495}.Release|iPhone.ActiveCfg = Release|Any CPU
		{829ABE76-0E15-41FB-AC03-898B886DE495}.Release|iPhone.Build.0 = Release|Any CPU
		{829ABE76-0E15-41FB-AC03-898B886DE495}.Release|iPhoneSimulator.ActiveCfg = Release|Any CPU
		{829ABE76-0E15-41FB-AC03-898B886DE495}.Release|iPhoneSimulator.Build.0 = Release|Any CPU
		{829ABE76-0E15-41FB-AC03-898B886DE495}.Release|x64.ActiveCfg = Release|Any CPU
		{829ABE76-0E15-41FB-AC03-898B886DE495}.Release|x64.Build.0 = Release|Any CPU
		{829ABE76-0E15-41FB-AC03-898B886DE495}.Release|x86.ActiveCfg = Release|Any CPU
		{829ABE76-0E15-41FB-AC03-898B886DE495}.Release|x86.Build.0 = Release|Any CPU
		{55F1526C-5B79-4A30-B073-7A98AA320C0D}.Ad-Hoc|Any CPU.ActiveCfg = Debug|Any CPU
		{55F1526C-5B79-4A30-B073-7A98AA320C0D}.Ad-Hoc|Any CPU.Build.0 = Debug|Any CPU
		{55F1526C-5B79-4A30-B073-7A98AA320C0D}.Ad-Hoc|ARM.ActiveCfg = Debug|Any CPU
		{55F1526C-5B79-4A30-B073-7A98AA320C0D}.Ad-Hoc|ARM.Build.0 = Debug|Any CPU
		{55F1526C-5B79-4A30-B073-7A98AA320C0D}.Ad-Hoc|ARM64.ActiveCfg = Debug|Any CPU
		{55F1526C-5B79-4A30-B073-7A98AA320C0D}.Ad-Hoc|ARM64.Build.0 = Debug|Any CPU
		{55F1526C-5B79-4A30-B073-7A98AA320C0D}.Ad-Hoc|iPhone.ActiveCfg = Debug|Any CPU
		{55F1526C-5B79-4A30-B073-7A98AA320C0D}.Ad-Hoc|iPhone.Build.0 = Debug|Any CPU
		{55F1526C-5B79-4A30-B073-7A98AA320C0D}.Ad-Hoc|iPhoneSimulator.ActiveCfg = Debug|Any CPU
		{55F1526C-5B79-4A30-B073-7A98AA320C0D}.Ad-Hoc|iPhoneSimulator.Build.0 = Debug|Any CPU
		{55F1526C-5B79-4A30-B073-7A98AA320C0D}.Ad-Hoc|x64.ActiveCfg = Debug|Any CPU
		{55F1526C-5B79-4A30-B073-7A98AA320C0D}.Ad-Hoc|x64.Build.0 = Debug|Any CPU
		{55F1526C-5B79-4A30-B073-7A98AA320C0D}.Ad-Hoc|x86.ActiveCfg = Debug|Any CPU
		{55F1526C-5B79-4A30-B073-7A98AA320C0D}.Ad-Hoc|x86.Build.0 = Debug|Any CPU
		{55F1526C-5B79-4A30-B073-7A98AA320C0D}.AppStore|Any CPU.ActiveCfg = Debug|Any CPU
		{55F1526C-5B79-4A30-B073-7A98AA320C0D}.AppStore|Any CPU.Build.0 = Debug|Any CPU
		{55F1526C-5B79-4A30-B073-7A98AA320C0D}.AppStore|ARM.ActiveCfg = Debug|Any CPU
		{55F1526C-5B79-4A30-B073-7A98AA320C0D}.AppStore|ARM.Build.0 = Debug|Any CPU
		{55F1526C-5B79-4A30-B073-7A98AA320C0D}.AppStore|ARM64.ActiveCfg = Debug|Any CPU
		{55F1526C-5B79-4A30-B073-7A98AA320C0D}.AppStore|ARM64.Build.0 = Debug|Any CPU
		{55F1526C-5B79-4A30-B073-7A98AA320C0D}.AppStore|iPhone.ActiveCfg = Debug|Any CPU
		{55F1526C-5B79-4A30-B073-7A98AA320C0D}.AppStore|iPhone.Build.0 = Debug|Any CPU
		{55F1526C-5B79-4A30-B073-7A98AA320C0D}.AppStore|iPhoneSimulator.ActiveCfg = Debug|Any CPU
		{55F1526C-5B79-4A30-B073-7A98AA320C0D}.AppStore|iPhoneSimulator.Build.0 = Debug|Any CPU
		{55F1526C-5B79-4A30-B073-7A98AA320C0D}.AppStore|x64.ActiveCfg = Debug|Any CPU
		{55F1526C-5B79-4A30-B073-7A98AA320C0D}.AppStore|x64.Build.0 = Debug|Any CPU
		{55F1526C-5B79-4A30-B073-7A98AA320C0D}.AppStore|x86.ActiveCfg = Debug|Any CPU
		{55F1526C-5B79-4A30-B073-7A98AA320C0D}.AppStore|x86.Build.0 = Debug|Any CPU
		{55F1526C-5B79-4A30-B073-7A98AA320C0D}.Debug|Any CPU.ActiveCfg = Debug|Any CPU
		{55F1526C-5B79-4A30-B073-7A98AA320C0D}.Debug|Any CPU.Build.0 = Debug|Any CPU
		{55F1526C-5B79-4A30-B073-7A98AA320C0D}.Debug|ARM.ActiveCfg = Debug|Any CPU
		{55F1526C-5B79-4A30-B073-7A98AA320C0D}.Debug|ARM.Build.0 = Debug|Any CPU
		{55F1526C-5B79-4A30-B073-7A98AA320C0D}.Debug|ARM64.ActiveCfg = Debug|Any CPU
		{55F1526C-5B79-4A30-B073-7A98AA320C0D}.Debug|ARM64.Build.0 = Debug|Any CPU
		{55F1526C-5B79-4A30-B073-7A98AA320C0D}.Debug|iPhone.ActiveCfg = Debug|Any CPU
		{55F1526C-5B79-4A30-B073-7A98AA320C0D}.Debug|iPhone.Build.0 = Debug|Any CPU
		{55F1526C-5B79-4A30-B073-7A98AA320C0D}.Debug|iPhoneSimulator.ActiveCfg = Debug|Any CPU
		{55F1526C-5B79-4A30-B073-7A98AA320C0D}.Debug|iPhoneSimulator.Build.0 = Debug|Any CPU
		{55F1526C-5B79-4A30-B073-7A98AA320C0D}.Debug|x64.ActiveCfg = Debug|Any CPU
		{55F1526C-5B79-4A30-B073-7A98AA320C0D}.Debug|x64.Build.0 = Debug|Any CPU
		{55F1526C-5B79-4A30-B073-7A98AA320C0D}.Debug|x86.ActiveCfg = Debug|Any CPU
		{55F1526C-5B79-4A30-B073-7A98AA320C0D}.Debug|x86.Build.0 = Debug|Any CPU
		{55F1526C-5B79-4A30-B073-7A98AA320C0D}.Release|Any CPU.ActiveCfg = Release|Any CPU
		{55F1526C-5B79-4A30-B073-7A98AA320C0D}.Release|Any CPU.Build.0 = Release|Any CPU
		{55F1526C-5B79-4A30-B073-7A98AA320C0D}.Release|ARM.ActiveCfg = Release|Any CPU
		{55F1526C-5B79-4A30-B073-7A98AA320C0D}.Release|ARM.Build.0 = Release|Any CPU
		{55F1526C-5B79-4A30-B073-7A98AA320C0D}.Release|ARM64.ActiveCfg = Release|Any CPU
		{55F1526C-5B79-4A30-B073-7A98AA320C0D}.Release|ARM64.Build.0 = Release|Any CPU
		{55F1526C-5B79-4A30-B073-7A98AA320C0D}.Release|iPhone.ActiveCfg = Release|Any CPU
		{55F1526C-5B79-4A30-B073-7A98AA320C0D}.Release|iPhone.Build.0 = Release|Any CPU
		{55F1526C-5B79-4A30-B073-7A98AA320C0D}.Release|iPhoneSimulator.ActiveCfg = Release|Any CPU
		{55F1526C-5B79-4A30-B073-7A98AA320C0D}.Release|iPhoneSimulator.Build.0 = Release|Any CPU
		{55F1526C-5B79-4A30-B073-7A98AA320C0D}.Release|x64.ActiveCfg = Release|Any CPU
		{55F1526C-5B79-4A30-B073-7A98AA320C0D}.Release|x64.Build.0 = Release|Any CPU
		{55F1526C-5B79-4A30-B073-7A98AA320C0D}.Release|x86.ActiveCfg = Release|Any CPU
		{55F1526C-5B79-4A30-B073-7A98AA320C0D}.Release|x86.Build.0 = Release|Any CPU
	EndGlobalSection
	GlobalSection(SolutionProperties) = preSolution
		HideSolutionNode = FALSE
	EndGlobalSection
	GlobalSection(NestedProjects) = preSolution
		{55F1526C-5B79-4A30-B073-7A98AA320C0D} = {10752E11-129F-41D9-911B-892CAE0322E8}
	EndGlobalSection
	GlobalSection(ExtensibilityGlobals) = postSolution
		SolutionGuid = {B5D5105C-EA52-467B-8CCC-6777900C3B95}
	EndGlobalSection
EndGlobal
